# This file is automatically @generated by Poetry 1.5.4 and should not be changed by hand.

[[package]]
name = "better-profanity"
version = "0.7.0"
description = "Blazingly fast cleaning swear words (and their leetspeak) in strings"
optional = false
python-versions = "==3.*"
files = [
    {file = "better_profanity-0.7.0-py3-none-any.whl", hash = "sha256:bd4c529ea6aa2db1aaa50524be1ed14d0fe5c664f1fd88c8bc388c7e9f9f00e8"},
    {file = "better_profanity-0.7.0.tar.gz", hash = "sha256:8a6fdc8606d7471e7b5f6801917eca98ec211098262e82f62da4f5de3a73145b"},
]

[metadata]
lock-version = "2.0"
python-versions = "^3.10"
content-hash = "8d2b883af0ca8aa238e1f7b0906015fb980db4c8bfffbbc55c47e4e00cf1e706"
